
Microsoft Visual Studio Solution File, Format Version 12.00
# Visual Studio Version 17
VisualStudioVersion = 17.6.33723.286
MinimumVisualStudioVersion = 10.0.40219.1
Project("{FAE04EC0-301F-11D3-BF4B-00C04F79EFBC}") = "TP-ApiWeb-Catalogo-Grupo25B", "TP-ApiWeb-Catalogo-Grupo25B\TP-ApiWeb-Catalogo-Grupo25B.csproj", "{9F5F6BF7-EBA7-4E2C-A303-E2A61DF0E836}"
EndProject
Project("{FAE04EC0-301F-11D3-BF4B-00C04F79EFBC}") = "negocio", "negocio\negocio.csproj", "{241B01E0-D75A-42B0-9673-39B4EEF3B939}"
EndProject
Project("{FAE04EC0-301F-11D3-BF4B-00C04F79EFBC}") = "dominio", "dominio\dominio.csproj", "{0056CC24-8DB4-4CCD-8CF6-2E76C7C8E777}"
EndProject
Global
	GlobalSection(SolutionConfigurationPlatforms) = preSolution
		Debug|Any CPU = Debug|Any CPU
		Release|Any CPU = Release|Any CPU
	EndGlobalSection
	GlobalSection(ProjectConfigurationPlatforms) = postSolution
		{9F5F6BF7-EBA7-4E2C-A303-E2A61DF0E836}.Debug|Any CPU.ActiveCfg = Debug|Any CPU
		{9F5F6BF7-EBA7-4E2C-A303-E2A61DF0E836}.Debug|Any CPU.Build.0 = Debug|Any CPU
		{9F5F6BF7-EBA7-4E2C-A303-E2A61DF0E836}.Release|Any CPU.ActiveCfg = Release|Any CPU
		{9F5F6BF7-EBA7-4E2C-A303-E2A61DF0E836}.Release|Any CPU.Build.0 = Release|Any CPU
		{241B01E0-D75A-42B0-9673-39B4EEF3B939}.Debug|Any CPU.ActiveCfg = Debug|Any CPU
		{241B01E0-D75A-42B0-9673-39B4EEF3B939}.Debug|Any CPU.Build.0 = Debug|Any CPU
		{241B01E0-D75A-42B0-9673-39B4EEF3B939}.Release|Any CPU.ActiveCfg = Release|Any CPU
		{241B01E0-D75A-42B0-9673-39B4EEF3B939}.Release|Any CPU.Build.0 = Release|Any CPU
		{0056CC24-8DB4-4CCD-8CF6-2E76C7C8E777}.Debug|Any CPU.ActiveCfg = Debug|Any CPU
		{0056CC24-8DB4-4CCD-8CF6-2E76C7C8E777}.Debug|Any CPU.Build.0 = Debug|Any CPU
		{0056CC24-8DB4-4CCD-8CF6-2E76C7C8E777}.Release|Any CPU.ActiveCfg = Release|Any CPU
		{0056CC24-8DB4-4CCD-8CF6-2E76C7C8E777}.Release|Any CPU.Build.0 = Release|Any CPU
	EndGlobalSection
	GlobalSection(SolutionProperties) = preSolution
		HideSolutionNode = FALSE
	EndGlobalSection
	GlobalSection(ExtensibilityGlobals) = postSolution
		SolutionGuid = {8A803E0F-EA00-4B88-B66F-3077B9E44484}
	EndGlobalSection
EndGlobal
